
Microsoft Visual Studio Solution File, Format Version 12.00
# Visual Studio Version 16
VisualStudioVersion = 16.0.31205.134
MinimumVisualStudioVersion = 10.0.40219.1
Project("{FAE04EC0-301F-11D3-BF4B-00C04F79EFBC}") = "Tasks1", "Tasks1\Tasks1.csproj", "{CF286FB2-BBF2-4782-A047-BD8F30212B70}"
EndProject
Global
	GlobalSection(SolutionConfigurationPlatforms) = preSolution
		Debug|Any CPU = Debug|Any CPU
		Release|Any CPU = Release|Any CPU
	EndGlobalSection
	GlobalSection(ProjectConfigurationPlatforms) = postSolution
		{CF286FB2-BBF2-4782-A047-BD8F30212B70}.Debug|Any CPU.ActiveCfg = Debug|Any CPU
		{CF286FB2-BBF2-4782-A047-BD8F30212B70}.Debug|Any CPU.Build.0 = Debug|Any CPU
		{CF286FB2-BBF2-4782-A047-BD8F30212B70}.Release|Any CPU.ActiveCfg = Release|Any CPU
		{CF286FB2-BBF2-4782-A047-BD8F30212B70}.Release|Any CPU.Build.0 = Release|Any CPU
	EndGlobalSection
	GlobalSection(SolutionProperties) = preSolution
		HideSolutionNode = FALSE
	EndGlobalSection
	GlobalSection(ExtensibilityGlobals) = postSolution
		SolutionGuid = {955F2677-307E-4841-99DC-3B37F2FFFBDC}
	EndGlobalSection
EndGlobal
