
Microsoft Visual Studio Solution File, Format Version 12.00
# Visual Studio Version 16
VisualStudioVersion = 16.0.31205.134
MinimumVisualStudioVersion = 10.0.40219.1
Project("{FAE04EC0-301F-11D3-BF4B-00C04F79EFBC}") = "Tasks5", "Tasks5\Tasks5.csproj", "{7CA2CD80-D876-4975-85CE-091A59C2C564}"
EndProject
Global
	GlobalSection(SolutionConfigurationPlatforms) = preSolution
		Debug|Any CPU = Debug|Any CPU
		Release|Any CPU = Release|Any CPU
	EndGlobalSection
	GlobalSection(ProjectConfigurationPlatforms) = postSolution
		{7CA2CD80-D876-4975-85CE-091A59C2C564}.Debug|Any CPU.ActiveCfg = Debug|Any CPU
		{7CA2CD80-D876-4975-85CE-091A59C2C564}.Debug|Any CPU.Build.0 = Debug|Any CPU
		{7CA2CD80-D876-4975-85CE-091A59C2C564}.Release|Any CPU.ActiveCfg = Release|Any CPU
		{7CA2CD80-D876-4975-85CE-091A59C2C564}.Release|Any CPU.Build.0 = Release|Any CPU
	EndGlobalSection
	GlobalSection(SolutionProperties) = preSolution
		HideSolutionNode = FALSE
	EndGlobalSection
	GlobalSection(ExtensibilityGlobals) = postSolution
		SolutionGuid = {F3F6F5CD-1CFE-4B09-AD26-DC82EF1D0D5E}
	EndGlobalSection
EndGlobal
