
Microsoft Visual Studio Solution File, Format Version 12.00
# Visual Studio Version 16
VisualStudioVersion = 16.0.31205.134
MinimumVisualStudioVersion = 10.0.40219.1
Project("{FAE04EC0-301F-11D3-BF4B-00C04F79EFBC}") = "TrackerLibrary", "TrackerLibrary\TrackerLibrary.csproj", "{AF516540-5EE4-47C4-AC31-09D203FC7D92}"
EndProject
Global
	GlobalSection(SolutionConfigurationPlatforms) = preSolution
		Debug|Any CPU = Debug|Any CPU
		Release|Any CPU = Release|Any CPU
	EndGlobalSection
	GlobalSection(ProjectConfigurationPlatforms) = postSolution
		{AF516540-5EE4-47C4-AC31-09D203FC7D92}.Debug|Any CPU.ActiveCfg = Debug|Any CPU
		{AF516540-5EE4-47C4-AC31-09D203FC7D92}.Debug|Any CPU.Build.0 = Debug|Any CPU
		{AF516540-5EE4-47C4-AC31-09D203FC7D92}.Release|Any CPU.ActiveCfg = Release|Any CPU
		{AF516540-5EE4-47C4-AC31-09D203FC7D92}.Release|Any CPU.Build.0 = Release|Any CPU
	EndGlobalSection
	GlobalSection(SolutionProperties) = preSolution
		HideSolutionNode = FALSE
	EndGlobalSection
	GlobalSection(ExtensibilityGlobals) = postSolution
		SolutionGuid = {2B7A9D65-A4A9-4F78-9DEF-30855D14CCCB}
	EndGlobalSection
EndGlobal
