
Microsoft Visual Studio Solution File, Format Version 12.00
# Visual Studio Version 16
VisualStudioVersion = 16.0.31205.134
MinimumVisualStudioVersion = 10.0.40219.1
Project("{FAE04EC0-301F-11D3-BF4B-00C04F79EFBC}") = "CSharpLearning", "CSharpLearning\CSharpLearning.csproj", "{F7F6E94E-6A81-45A3-BC69-0B0DF6D5E381}"
EndProject
Global
	GlobalSection(SolutionConfigurationPlatforms) = preSolution
		Debug|Any CPU = Debug|Any CPU
		Release|Any CPU = Release|Any CPU
	EndGlobalSection
	GlobalSection(ProjectConfigurationPlatforms) = postSolution
		{F7F6E94E-6A81-45A3-BC69-0B0DF6D5E381}.Debug|Any CPU.ActiveCfg = Debug|Any CPU
		{F7F6E94E-6A81-45A3-BC69-0B0DF6D5E381}.Debug|Any CPU.Build.0 = Debug|Any CPU
		{F7F6E94E-6A81-45A3-BC69-0B0DF6D5E381}.Release|Any CPU.ActiveCfg = Release|Any CPU
		{F7F6E94E-6A81-45A3-BC69-0B0DF6D5E381}.Release|Any CPU.Build.0 = Release|Any CPU
	EndGlobalSection
	GlobalSection(SolutionProperties) = preSolution
		HideSolutionNode = FALSE
	EndGlobalSection
	GlobalSection(ExtensibilityGlobals) = postSolution
		SolutionGuid = {C8FB2491-6E35-4F77-9971-08A07E1BBA64}
	EndGlobalSection
EndGlobal
