
Microsoft Visual Studio Solution File, Format Version 12.00
# Visual Studio Version 16
VisualStudioVersion = 16.0.31205.134
MinimumVisualStudioVersion = 10.0.40219.1
Project("{FAE04EC0-301F-11D3-BF4B-00C04F79EFBC}") = "CSharpMethods", "CSharpMethods\CSharpMethods.csproj", "{F99ACB1B-7311-4F56-A279-58AEB2D85476}"
EndProject
Global
	GlobalSection(SolutionConfigurationPlatforms) = preSolution
		Debug|Any CPU = Debug|Any CPU
		Release|Any CPU = Release|Any CPU
	EndGlobalSection
	GlobalSection(ProjectConfigurationPlatforms) = postSolution
		{F99ACB1B-7311-4F56-A279-58AEB2D85476}.Debug|Any CPU.ActiveCfg = Debug|Any CPU
		{F99ACB1B-7311-4F56-A279-58AEB2D85476}.Debug|Any CPU.Build.0 = Debug|Any CPU
		{F99ACB1B-7311-4F56-A279-58AEB2D85476}.Release|Any CPU.ActiveCfg = Release|Any CPU
		{F99ACB1B-7311-4F56-A279-58AEB2D85476}.Release|Any CPU.Build.0 = Release|Any CPU
	EndGlobalSection
	GlobalSection(SolutionProperties) = preSolution
		HideSolutionNode = FALSE
	EndGlobalSection
	GlobalSection(ExtensibilityGlobals) = postSolution
		SolutionGuid = {989273C5-3A11-4EBD-AE85-D899FBFB64CC}
	EndGlobalSection
EndGlobal
